
Microsoft Visual Studio Solution File, Format Version 12.00
# Visual Studio Version 16
VisualStudioVersion = 25.0.1706.12
MinimumVisualStudioVersion = 10.0.40219.1
Project("{FAE04EC0-301F-11D3-BF4B-00C04F79EFBC}") = "VCC", "VCC\VCC.csproj", "{693ADDEB-5868-4B1B-977B-517921A6C81C}"
EndProject
Global
	GlobalSection(SolutionConfigurationPlatforms) = preSolution
		Debug|Any CPU = Debug|Any CPU
		Release|Any CPU = Release|Any CPU
	EndGlobalSection
	GlobalSection(ProjectConfigurationPlatforms) = postSolution
		{693ADDEB-5868-4B1B-977B-517921A6C81C}.Debug|Any CPU.ActiveCfg = Debug|Any CPU
		{693ADDEB-5868-4B1B-977B-517921A6C81C}.Debug|Any CPU.Build.0 = Debug|Any CPU
		{693ADDEB-5868-4B1B-977B-517921A6C81C}.Release|Any CPU.ActiveCfg = Release|Any CPU
		{693ADDEB-5868-4B1B-977B-517921A6C81C}.Release|Any CPU.Build.0 = Release|Any CPU
	EndGlobalSection
	GlobalSection(SolutionProperties) = preSolution
		HideSolutionNode = FALSE
	EndGlobalSection
	GlobalSection(ExtensibilityGlobals) = postSolution
		SolutionGuid = {6C9ECD78-DCCF-4A2F-BBE0-D01D0B30C9F7}
	EndGlobalSection
EndGlobal
